// !$*UTF8*$!
{
	archiveVersion = 1;
	classes = {
	};
	objectVersion = 56;
	objects = {

/* Begin PBXBuildFile section */
		65F885172A2EA62000D151F1 /* Colors.xcassets in Resources */ = {isa = PBXBuildFile; fileRef = 65F885162A2EA62000D151F1 /* Colors.xcassets */; };
		65F885232A2EA91B00D151F1 /* Pretendard-ExtraBold.otf in Resources */ = {isa = PBXBuildFile; fileRef = 65F8851A2A2EA91B00D151F1 /* Pretendard-ExtraBold.otf */; };
		65F885242A2EA91B00D151F1 /* Pretendard-Thin.otf in Resources */ = {isa = PBXBuildFile; fileRef = 65F8851B2A2EA91B00D151F1 /* Pretendard-Thin.otf */; };
		65F885252A2EA91B00D151F1 /* Pretendard-Medium.otf in Resources */ = {isa = PBXBuildFile; fileRef = 65F8851C2A2EA91B00D151F1 /* Pretendard-Medium.otf */; };
		65F885262A2EA91B00D151F1 /* Pretendard-SemiBold.otf in Resources */ = {isa = PBXBuildFile; fileRef = 65F8851D2A2EA91B00D151F1 /* Pretendard-SemiBold.otf */; };
		65F885272A2EA91B00D151F1 /* Pretendard-Light.otf in Resources */ = {isa = PBXBuildFile; fileRef = 65F8851E2A2EA91B00D151F1 /* Pretendard-Light.otf */; };
		65F885282A2EA91B00D151F1 /* Pretendard-ExtraLight.otf in Resources */ = {isa = PBXBuildFile; fileRef = 65F8851F2A2EA91B00D151F1 /* Pretendard-ExtraLight.otf */; };
		65F885292A2EA91B00D151F1 /* Pretendard-Regular.otf in Resources */ = {isa = PBXBuildFile; fileRef = 65F885202A2EA91B00D151F1 /* Pretendard-Regular.otf */; };
		65F8852A2A2EA91B00D151F1 /* Pretendard-Black.otf in Resources */ = {isa = PBXBuildFile; fileRef = 65F885212A2EA91B00D151F1 /* Pretendard-Black.otf */; };
		65F8852B2A2EA91B00D151F1 /* Pretendard-Bold.otf in Resources */ = {isa = PBXBuildFile; fileRef = 65F885222A2EA91B00D151F1 /* Pretendard-Bold.otf */; };
		65F885302A2EAB3900D151F1 /* Font+Pretendard.swift in Sources */ = {isa = PBXBuildFile; fileRef = 65F8852F2A2EAB3900D151F1 /* Font+Pretendard.swift */; };
		A526DDC32A092B0300B682BF /* DiningCoachApp.swift in Sources */ = {isa = PBXBuildFile; fileRef = A526DDC22A092B0300B682BF /* DiningCoachApp.swift */; };
		A526DDC52A092B0300B682BF /* ContentView.swift in Sources */ = {isa = PBXBuildFile; fileRef = A526DDC42A092B0300B682BF /* ContentView.swift */; };
		A526DDC72A092B0400B682BF /* Assets.xcassets in Resources */ = {isa = PBXBuildFile; fileRef = A526DDC62A092B0400B682BF /* Assets.xcassets */; };
		A526DDCA2A092B0400B682BF /* Preview Assets.xcassets in Resources */ = {isa = PBXBuildFile; fileRef = A526DDC92A092B0400B682BF /* Preview Assets.xcassets */; };
/* End PBXBuildFile section */

/* Begin PBXFileReference section */
		65F885162A2EA62000D151F1 /* Colors.xcassets */ = {isa = PBXFileReference; lastKnownFileType = folder.assetcatalog; path = Colors.xcassets; sourceTree = "<group>"; };
		65F8851A2A2EA91B00D151F1 /* Pretendard-ExtraBold.otf */ = {isa = PBXFileReference; lastKnownFileType = file; path = "Pretendard-ExtraBold.otf"; sourceTree = "<group>"; };
		65F8851B2A2EA91B00D151F1 /* Pretendard-Thin.otf */ = {isa = PBXFileReference; lastKnownFileType = file; path = "Pretendard-Thin.otf"; sourceTree = "<group>"; };
		65F8851C2A2EA91B00D151F1 /* Pretendard-Medium.otf */ = {isa = PBXFileReference; lastKnownFileType = file; path = "Pretendard-Medium.otf"; sourceTree = "<group>"; };
		65F8851D2A2EA91B00D151F1 /* Pretendard-SemiBold.otf */ = {isa = PBXFileReference; lastKnownFileType = file; path = "Pretendard-SemiBold.otf"; sourceTree = "<group>"; };
		65F8851E2A2EA91B00D151F1 /* Pretendard-Light.otf */ = {isa = PBXFileReference; lastKnownFileType = file; path = "Pretendard-Light.otf"; sourceTree = "<group>"; };
		65F8851F2A2EA91B00D151F1 /* Pretendard-ExtraLight.otf */ = {isa = PBXFileReference; lastKnownFileType = file; path = "Pretendard-ExtraLight.otf"; sourceTree = "<group>"; };
		65F885202A2EA91B00D151F1 /* Pretendard-Regular.otf */ = {isa = PBXFileReference; lastKnownFileType = file; path = "Pretendard-Regular.otf"; sourceTree = "<group>"; };
		65F885212A2EA91B00D151F1 /* Pretendard-Black.otf */ = {isa = PBXFileReference; lastKnownFileType = file; path = "Pretendard-Black.otf"; sourceTree = "<group>"; };
		65F885222A2EA91B00D151F1 /* Pretendard-Bold.otf */ = {isa = PBXFileReference; lastKnownFileType = file; path = "Pretendard-Bold.otf"; sourceTree = "<group>"; };
		65F8852C2A2EA96400D151F1 /* Info.plist */ = {isa = PBXFileReference; lastKnownFileType = text.plist.xml; path = Info.plist; sourceTree = "<group>"; };
		65F8852F2A2EAB3900D151F1 /* Font+Pretendard.swift */ = {isa = PBXFileReference; lastKnownFileType = sourcecode.swift; path = "Font+Pretendard.swift"; sourceTree = "<group>"; };
		A526DDBF2A092B0300B682BF /* DiningCoach.app */ = {isa = PBXFileReference; explicitFileType = wrapper.application; includeInIndex = 0; path = DiningCoach.app; sourceTree = BUILT_PRODUCTS_DIR; };
		A526DDC22A092B0300B682BF /* DiningCoachApp.swift */ = {isa = PBXFileReference; lastKnownFileType = sourcecode.swift; path = DiningCoachApp.swift; sourceTree = "<group>"; };
		A526DDC42A092B0300B682BF /* ContentView.swift */ = {isa = PBXFileReference; lastKnownFileType = sourcecode.swift; path = ContentView.swift; sourceTree = "<group>"; };
		A526DDC62A092B0400B682BF /* Assets.xcassets */ = {isa = PBXFileReference; lastKnownFileType = folder.assetcatalog; path = Assets.xcassets; sourceTree = "<group>"; };
		A526DDC92A092B0400B682BF /* Preview Assets.xcassets */ = {isa = PBXFileReference; lastKnownFileType = folder.assetcatalog; path = "Preview Assets.xcassets"; sourceTree = "<group>"; };
/* End PBXFileReference section */

/* Begin PBXFrameworksBuildPhase section */
		A526DDBC2A092B0300B682BF /* Frameworks */ = {
			isa = PBXFrameworksBuildPhase;
			buildActionMask = 2147483647;
			files = (
			);
			runOnlyForDeploymentPostprocessing = 0;
		};
/* End PBXFrameworksBuildPhase section */

/* Begin PBXGroup section */
		65F885182A2EA85D00D151F1 /* Resources */ = {
			isa = PBXGroup;
			children = (
				65F885192A2EA86700D151F1 /* Fonts */,
				A526DDC62A092B0400B682BF /* Assets.xcassets */,
				65F885162A2EA62000D151F1 /* Colors.xcassets */,
			);
			path = Resources;
			sourceTree = "<group>";
		};
		65F885192A2EA86700D151F1 /* Fonts */ = {
			isa = PBXGroup;
			children = (
				65F8851A2A2EA91B00D151F1 /* Pretendard-ExtraBold.otf */,
				65F885222A2EA91B00D151F1 /* Pretendard-Bold.otf */,
				65F8851D2A2EA91B00D151F1 /* Pretendard-SemiBold.otf */,
				65F8851C2A2EA91B00D151F1 /* Pretendard-Medium.otf */,
				65F885202A2EA91B00D151F1 /* Pretendard-Regular.otf */,
				65F8851F2A2EA91B00D151F1 /* Pretendard-ExtraLight.otf */,
				65F8851E2A2EA91B00D151F1 /* Pretendard-Light.otf */,
				65F885212A2EA91B00D151F1 /* Pretendard-Black.otf */,
				65F8851B2A2EA91B00D151F1 /* Pretendard-Thin.otf */,
				65F8852F2A2EAB3900D151F1 /* Font+Pretendard.swift */,
			);
			path = Fonts;
			sourceTree = "<group>";
		};
		65F885312A2EAD8600D151F1 /* Supporting Files */ = {
			isa = PBXGroup;
			children = (
				65F8852C2A2EA96400D151F1 /* Info.plist */,
			);
			path = "Supporting Files";
			sourceTree = "<group>";
		};
		65F8853B2A326CB400D151F1 /* Sources */ = {
			isa = PBXGroup;
			children = (
				A526DDC22A092B0300B682BF /* DiningCoachApp.swift */,
				A526DDC42A092B0300B682BF /* ContentView.swift */,
			);
			path = Sources;
			sourceTree = "<group>";
		};
		A526DDB62A092B0300B682BF = {
			isa = PBXGroup;
			children = (
				A526DDC12A092B0300B682BF /* DiningCoach */,
				A526DDC02A092B0300B682BF /* Products */,
			);
			sourceTree = "<group>";
		};
		A526DDC02A092B0300B682BF /* Products */ = {
			isa = PBXGroup;
			children = (
				A526DDBF2A092B0300B682BF /* DiningCoach.app */,
			);
			name = Products;
			sourceTree = "<group>";
		};
		A526DDC12A092B0300B682BF /* DiningCoach */ = {
			isa = PBXGroup;
			children = (
				65F8853B2A326CB400D151F1 /* Sources */,
				65F885182A2EA85D00D151F1 /* Resources */,
				65F885312A2EAD8600D151F1 /* Supporting Files */,
				A526DDC82A092B0400B682BF /* Preview Content */,
			);
			path = DiningCoach;
			sourceTree = "<group>";
		};
		A526DDC82A092B0400B682BF /* Preview Content */ = {
			isa = PBXGroup;
			children = (
				A526DDC92A092B0400B682BF /* Preview Assets.xcassets */,
			);
			path = "Preview Content";
			sourceTree = "<group>";
		};
/* End PBXGroup section */

/* Begin PBXNativeTarget section */
		A526DDBE2A092B0300B682BF /* DiningCoach */ = {
			isa = PBXNativeTarget;
			buildConfigurationList = A526DDCD2A092B0400B682BF /* Build configuration list for PBXNativeTarget "DiningCoach" */;
			buildPhases = (
				A526DDBB2A092B0300B682BF /* Sources */,
				A526DDBC2A092B0300B682BF /* Frameworks */,
				A526DDBD2A092B0300B682BF /* Resources */,
			);
			buildRules = (
			);
			dependencies = (
			);
			name = DiningCoach;
			productName = DiningCoach;
			productReference = A526DDBF2A092B0300B682BF /* DiningCoach.app */;
			productType = "com.apple.product-type.application";
		};
/* End PBXNativeTarget section */

/* Begin PBXProject section */
		A526DDB72A092B0300B682BF /* Project object */ = {
			isa = PBXProject;
			attributes = {
				BuildIndependentTargetsInParallel = 1;
				LastSwiftUpdateCheck = 1420;
				LastUpgradeCheck = 1420;
				TargetAttributes = {
					A526DDBE2A092B0300B682BF = {
						CreatedOnToolsVersion = 14.2;
					};
				};
			};
			buildConfigurationList = A526DDBA2A092B0300B682BF /* Build configuration list for PBXProject "DiningCoach" */;
			compatibilityVersion = "Xcode 14.0";
			developmentRegion = en;
			hasScannedForEncodings = 0;
			knownRegions = (
				en,
				Base,
			);
			mainGroup = A526DDB62A092B0300B682BF;
			productRefGroup = A526DDC02A092B0300B682BF /* Products */;
			projectDirPath = "";
			projectRoot = "";
			targets = (
				A526DDBE2A092B0300B682BF /* DiningCoach */,
			);
		};
/* End PBXProject section */

/* Begin PBXResourcesBuildPhase section */
		A526DDBD2A092B0300B682BF /* Resources */ = {
			isa = PBXResourcesBuildPhase;
			buildActionMask = 2147483647;
			files = (
				65F885282A2EA91B00D151F1 /* Pretendard-ExtraLight.otf in Resources */,
				65F8852B2A2EA91B00D151F1 /* Pretendard-Bold.otf in Resources */,
				A526DDCA2A092B0400B682BF /* Preview Assets.xcassets in Resources */,
				65F885272A2EA91B00D151F1 /* Pretendard-Light.otf in Resources */,
				65F885242A2EA91B00D151F1 /* Pretendard-Thin.otf in Resources */,
				65F885262A2EA91B00D151F1 /* Pretendard-SemiBold.otf in Resources */,
				A526DDC72A092B0400B682BF /* Assets.xcassets in Resources */,
				65F8852A2A2EA91B00D151F1 /* Pretendard-Black.otf in Resources */,
				65F885232A2EA91B00D151F1 /* Pretendard-ExtraBold.otf in Resources */,
				65F885292A2EA91B00D151F1 /* Pretendard-Regular.otf in Resources */,
				65F885172A2EA62000D151F1 /* Colors.xcassets in Resources */,
				65F885252A2EA91B00D151F1 /* Pretendard-Medium.otf in Resources */,
			);
			runOnlyForDeploymentPostprocessing = 0;
		};
/* End PBXResourcesBuildPhase section */

/* Begin PBXSourcesBuildPhase section */
		A526DDBB2A092B0300B682BF /* Sources */ = {
			isa = PBXSourcesBuildPhase;
			buildActionMask = 2147483647;
			files = (
				65F885302A2EAB3900D151F1 /* Font+Pretendard.swift in Sources */,
				A526DDC52A092B0300B682BF /* ContentView.swift in Sources */,
				A526DDC32A092B0300B682BF /* DiningCoachApp.swift in Sources */,
			);
			runOnlyForDeploymentPostprocessing = 0;
		};
/* End PBXSourcesBuildPhase section */

/* Begin XCBuildConfiguration section */
		A526DDCB2A092B0400B682BF /* Debug */ = {
			isa = XCBuildConfiguration;
			buildSettings = {
				ALWAYS_SEARCH_USER_PATHS = NO;
				CLANG_ANALYZER_NONNULL = YES;
				CLANG_ANALYZER_NUMBER_OBJECT_CONVERSION = YES_AGGRESSIVE;
				CLANG_CXX_LANGUAGE_STANDARD = "gnu++20";
				CLANG_ENABLE_MODULES = YES;
				CLANG_ENABLE_OBJC_ARC = YES;
				CLANG_ENABLE_OBJC_WEAK = YES;
				CLANG_WARN_BLOCK_CAPTURE_AUTORELEASING = YES;
				CLANG_WARN_BOOL_CONVERSION = YES;
				CLANG_WARN_COMMA = YES;
				CLANG_WARN_CONSTANT_CONVERSION = YES;
				CLANG_WARN_DEPRECATED_OBJC_IMPLEMENTATIONS = YES;
				CLANG_WARN_DIRECT_OBJC_ISA_USAGE = YES_ERROR;
				CLANG_WARN_DOCUMENTATION_COMMENTS = YES;
				CLANG_WARN_EMPTY_BODY = YES;
				CLANG_WARN_ENUM_CONVERSION = YES;
				CLANG_WARN_INFINITE_RECURSION = YES;
				CLANG_WARN_INT_CONVERSION = YES;
				CLANG_WARN_NON_LITERAL_NULL_CONVERSION = YES;
				CLANG_WARN_OBJC_IMPLICIT_RETAIN_SELF = YES;
				CLANG_WARN_OBJC_LITERAL_CONVERSION = YES;
				CLANG_WARN_OBJC_ROOT_CLASS = YES_ERROR;
				CLANG_WARN_QUOTED_INCLUDE_IN_FRAMEWORK_HEADER = YES;
				CLANG_WARN_RANGE_LOOP_ANALYSIS = YES;
				CLANG_WARN_STRICT_PROTOTYPES = YES;
				CLANG_WARN_SUSPICIOUS_MOVE = YES;
				CLANG_WARN_UNGUARDED_AVAILABILITY = YES_AGGRESSIVE;
				CLANG_WARN_UNREACHABLE_CODE = YES;
				CLANG_WARN__DUPLICATE_METHOD_MATCH = YES;
				COPY_PHASE_STRIP = NO;
				DEBUG_INFORMATION_FORMAT = dwarf;
				ENABLE_STRICT_OBJC_MSGSEND = YES;
				ENABLE_TESTABILITY = YES;
				GCC_C_LANGUAGE_STANDARD = gnu11;
				GCC_DYNAMIC_NO_PIC = NO;
				GCC_NO_COMMON_BLOCKS = YES;
				GCC_OPTIMIZATION_LEVEL = 0;
				GCC_PREPROCESSOR_DEFINITIONS = (
					"DEBUG=1",
					"$(inherited)",
				);
				GCC_WARN_64_TO_32_BIT_CONVERSION = YES;
				GCC_WARN_ABOUT_RETURN_TYPE = YES_ERROR;
				GCC_WARN_UNDECLARED_SELECTOR = YES;
				GCC_WARN_UNINITIALIZED_AUTOS = YES_AGGRESSIVE;
				GCC_WARN_UNUSED_FUNCTION = YES;
				GCC_WARN_UNUSED_VARIABLE = YES;
				IPHONEOS_DEPLOYMENT_TARGET = 16.2;
				MTL_ENABLE_DEBUG_INFO = INCLUDE_SOURCE;
				MTL_FAST_MATH = YES;
				ONLY_ACTIVE_ARCH = YES;
				SDKROOT = iphoneos;
				SWIFT_ACTIVE_COMPILATION_CONDITIONS = DEBUG;
				SWIFT_OPTIMIZATION_LEVEL = "-Onone";
			};
			name = Debug;
		};
		A526DDCC2A092B0400B682BF /* Release */ = {
			isa = XCBuildConfiguration;
			buildSettings = {
				ALWAYS_SEARCH_USER_PATHS = NO;
				CLANG_ANALYZER_NONNULL = YES;
				CLANG_ANALYZER_NUMBER_OBJECT_CONVERSION = YES_AGGRESSIVE;
				CLANG_CXX_LANGUAGE_STANDARD = "gnu++20";
				CLANG_ENABLE_MODULES = YES;
				CLANG_ENABLE_OBJC_ARC = YES;
				CLANG_ENABLE_OBJC_WEAK = YES;
				CLANG_WARN_BLOCK_CAPTURE_AUTORELEASING = YES;
				CLANG_WARN_BOOL_CONVERSION = YES;
				CLANG_WARN_COMMA = YES;
				CLANG_WARN_CONSTANT_CONVERSION = YES;
				CLANG_WARN_DEPRECATED_OBJC_IMPLEMENTATIONS = YES;
				CLANG_WARN_DIRECT_OBJC_ISA_USAGE = YES_ERROR;
				CLANG_WARN_DOCUMENTATION_COMMENTS = YES;
				CLANG_WARN_EMPTY_BODY = YES;
				CLANG_WARN_ENUM_CONVERSION = YES;
				CLANG_WARN_INFINITE_RECURSION = YES;
				CLANG_WARN_INT_CONVERSION = YES;
				CLANG_WARN_NON_LITERAL_NULL_CONVERSION = YES;
				CLANG_WARN_OBJC_IMPLICIT_RETAIN_SELF = YES;
				CLANG_WARN_OBJC_LITERAL_CONVERSION = YES;
				CLANG_WARN_OBJC_ROOT_CLASS = YES_ERROR;
				CLANG_WARN_QUOTED_INCLUDE_IN_FRAMEWORK_HEADER = YES;
				CLANG_WARN_RANGE_LOOP_ANALYSIS = YES;
				CLANG_WARN_STRICT_PROTOTYPES = YES;
				CLANG_WARN_SUSPICIOUS_MOVE = YES;
				CLANG_WARN_UNGUARDED_AVAILABILITY = YES_AGGRESSIVE;
				CLANG_WARN_UNREACHABLE_CODE = YES;
				CLANG_WARN__DUPLICATE_METHOD_MATCH = YES;
				COPY_PHASE_STRIP = NO;
				DEBUG_INFORMATION_FORMAT = "dwarf-with-dsym";
				ENABLE_NS_ASSERTIONS = NO;
				ENABLE_STRICT_OBJC_MSGSEND = YES;
				GCC_C_LANGUAGE_STANDARD = gnu11;
				GCC_NO_COMMON_BLOCKS = YES;
				GCC_WARN_64_TO_32_BIT_CONVERSION = YES;
				GCC_WARN_ABOUT_RETURN_TYPE = YES_ERROR;
				GCC_WARN_UNDECLARED_SELECTOR = YES;
				GCC_WARN_UNINITIALIZED_AUTOS = YES_AGGRESSIVE;
				GCC_WARN_UNUSED_FUNCTION = YES;
				GCC_WARN_UNUSED_VARIABLE = YES;
				IPHONEOS_DEPLOYMENT_TARGET = 16.2;
				MTL_ENABLE_DEBUG_INFO = NO;
				MTL_FAST_MATH = YES;
				SDKROOT = iphoneos;
				SWIFT_COMPILATION_MODE = wholemodule;
				SWIFT_OPTIMIZATION_LEVEL = "-O";
				VALIDATE_PRODUCT = YES;
			};
			name = Release;
		};
		A526DDCE2A092B0400B682BF /* Debug */ = {
			isa = XCBuildConfiguration;
			buildSettings = {
				ASSETCATALOG_COMPILER_APPICON_NAME = AppIcon;
				ASSETCATALOG_COMPILER_GLOBAL_ACCENT_COLOR_NAME = AccentColor;
				CODE_SIGN_STYLE = Automatic;
				CURRENT_PROJECT_VERSION = 1;
				DEVELOPMENT_ASSET_PATHS = "\"DiningCoach/Preview Content\"";
				ENABLE_PREVIEWS = YES;
				GENERATE_INFOPLIST_FILE = YES;
				INFOPLIST_FILE = "DiningCoach/Supporting Files/Info.plist";
				INFOPLIST_KEY_UIApplicationSceneManifest_Generation = YES;
				INFOPLIST_KEY_UIApplicationSupportsIndirectInputEvents = YES;
				INFOPLIST_KEY_UILaunchScreen_Generation = YES;
				INFOPLIST_KEY_UISupportedInterfaceOrientations = UIInterfaceOrientationPortrait;
				INFOPLIST_KEY_UISupportedInterfaceOrientations_iPad = "UIInterfaceOrientationLandscapeLeft UIInterfaceOrientationLandscapeRight UIInterfaceOrientationPortrait UIInterfaceOrientationPortraitUpsideDown";
				LD_RUNPATH_SEARCH_PATHS = (
					"$(inherited)",
					"@executable_path/Frameworks",
				);
				MARKETING_VERSION = 1.0;
				PRODUCT_BUNDLE_IDENTIFIER = com.DiningCoach;
				PRODUCT_NAME = "$(TARGET_NAME)";
				SUPPORTED_PLATFORMS = "iphoneos iphonesimulator";
				SUPPORTS_MACCATALYST = NO;
				SUPPORTS_MAC_DESIGNED_FOR_IPHONE_IPAD = NO;
				SWIFT_EMIT_LOC_STRINGS = YES;
				SWIFT_VERSION = 5.0;
				TARGETED_DEVICE_FAMILY = 1;
			};
			name = Debug;
		};
		A526DDCF2A092B0400B682BF /* Release */ = {
			isa = XCBuildConfiguration;
			buildSettings = {
				ASSETCATALOG_COMPILER_APPICON_NAME = AppIcon;
				ASSETCATALOG_COMPILER_GLOBAL_ACCENT_COLOR_NAME = AccentColor;
				CODE_SIGN_STYLE = Automatic;
				CURRENT_PROJECT_VERSION = 1;
				DEVELOPMENT_ASSET_PATHS = "\"DiningCoach/Preview Content\"";
				ENABLE_PREVIEWS = YES;
				GENERATE_INFOPLIST_FILE = YES;
				INFOPLIST_FILE = "DiningCoach/Supporting Files/Info.plist";
				INFOPLIST_KEY_UIApplicationSceneManifest_Generation = YES;
				INFOPLIST_KEY_UIApplicationSupportsIndirectInputEvents = YES;
				INFOPLIST_KEY_UILaunchScreen_Generation = YES;
				INFOPLIST_KEY_UISupportedInterfaceOrientations = UIInterfaceOrientationPortrait;
				INFOPLIST_KEY_UISupportedInterfaceOrientations_iPad = "UIInterfaceOrientationLandscapeLeft UIInterfaceOrientationLandscapeRight UIInterfaceOrientationPortrait UIInterfaceOrientationPortraitUpsideDown";
				LD_RUNPATH_SEARCH_PATHS = (
					"$(inherited)",
					"@executable_path/Frameworks",
				);
				MARKETING_VERSION = 1.0;
				PRODUCT_BUNDLE_IDENTIFIER = com.DiningCoach;
				PRODUCT_NAME = "$(TARGET_NAME)";
				SUPPORTED_PLATFORMS = "iphoneos iphonesimulator";
				SUPPORTS_MACCATALYST = NO;
				SUPPORTS_MAC_DESIGNED_FOR_IPHONE_IPAD = NO;
				SWIFT_EMIT_LOC_STRINGS = YES;
				SWIFT_VERSION = 5.0;
				TARGETED_DEVICE_FAMILY = 1;
			};
			name = Release;
		};
/* End XCBuildConfiguration section */

/* Begin XCConfigurationList section */
		A526DDBA2A092B0300B682BF /* Build configuration list for PBXProject "DiningCoach" */ = {
			isa = XCConfigurationList;
			buildConfigurations = (
				A526DDCB2A092B0400B682BF /* Debug */,
				A526DDCC2A092B0400B682BF /* Release */,
			);
			defaultConfigurationIsVisible = 0;
			defaultConfigurationName = Release;
		};
		A526DDCD2A092B0400B682BF /* Build configuration list for PBXNativeTarget "DiningCoach" */ = {
			isa = XCConfigurationList;
			buildConfigurations = (
				A526DDCE2A092B0400B682BF /* Debug */,
				A526DDCF2A092B0400B682BF /* Release */,
			);
			defaultConfigurationIsVisible = 0;
			defaultConfigurationName = Release;
		};
/* End XCConfigurationList section */
	};
	rootObject = A526DDB72A092B0300B682BF /* Project object */;
}
