// !$*UTF8*$!
{
	archiveVersion = 1;
	classes = {
	};
	objectVersion = 56;
	objects = {

/* Begin PBXBuildFile section */
		655D9B742A354C03005E133E /* launchScreenLogo@2x.png in Resources */ = {isa = PBXBuildFile; fileRef = 655D9B712A354C03005E133E /* launchScreenLogo@2x.png */; };
		655D9B752A354C03005E133E /* launchScreenLogo@3x.png in Resources */ = {isa = PBXBuildFile; fileRef = 655D9B722A354C03005E133E /* launchScreenLogo@3x.png */; };
		655D9B762A354C03005E133E /* launchScreenLogo.png in Resources */ = {isa = PBXBuildFile; fileRef = 655D9B732A354C03005E133E /* launchScreenLogo.png */; };
		655D9B8E2A39D815005E133E /* Color+Neutral.swift in Sources */ = {isa = PBXBuildFile; fileRef = 655D9B8D2A39D815005E133E /* Color+Neutral.swift */; };
		655D9B922A39DA0C005E133E /* DCButton.swift in Sources */ = {isa = PBXBuildFile; fileRef = 655D9B912A39DA0C005E133E /* DCButton.swift */; };
		655D9B942A39DA47005E133E /* DCButtonStyle.swift in Sources */ = {isa = PBXBuildFile; fileRef = 655D9B932A39DA47005E133E /* DCButtonStyle.swift */; };
		655D9B962A39DBED005E133E /* DCButton+Style.swift in Sources */ = {isa = PBXBuildFile; fileRef = 655D9B952A39DBED005E133E /* DCButton+Style.swift */; };
		65F885172A2EA62000D151F1 /* Colors.xcassets in Resources */ = {isa = PBXBuildFile; fileRef = 65F885162A2EA62000D151F1 /* Colors.xcassets */; };
		65F885232A2EA91B00D151F1 /* Pretendard-ExtraBold.otf in Resources */ = {isa = PBXBuildFile; fileRef = 65F8851A2A2EA91B00D151F1 /* Pretendard-ExtraBold.otf */; };
		65F885242A2EA91B00D151F1 /* Pretendard-Thin.otf in Resources */ = {isa = PBXBuildFile; fileRef = 65F8851B2A2EA91B00D151F1 /* Pretendard-Thin.otf */; };
		65F885252A2EA91B00D151F1 /* Pretendard-Medium.otf in Resources */ = {isa = PBXBuildFile; fileRef = 65F8851C2A2EA91B00D151F1 /* Pretendard-Medium.otf */; };
		65F885262A2EA91B00D151F1 /* Pretendard-SemiBold.otf in Resources */ = {isa = PBXBuildFile; fileRef = 65F8851D2A2EA91B00D151F1 /* Pretendard-SemiBold.otf */; };
		65F885272A2EA91B00D151F1 /* Pretendard-Light.otf in Resources */ = {isa = PBXBuildFile; fileRef = 65F8851E2A2EA91B00D151F1 /* Pretendard-Light.otf */; };
		65F885282A2EA91B00D151F1 /* Pretendard-ExtraLight.otf in Resources */ = {isa = PBXBuildFile; fileRef = 65F8851F2A2EA91B00D151F1 /* Pretendard-ExtraLight.otf */; };
		65F885292A2EA91B00D151F1 /* Pretendard-Regular.otf in Resources */ = {isa = PBXBuildFile; fileRef = 65F885202A2EA91B00D151F1 /* Pretendard-Regular.otf */; };
		65F8852A2A2EA91B00D151F1 /* Pretendard-Black.otf in Resources */ = {isa = PBXBuildFile; fileRef = 65F885212A2EA91B00D151F1 /* Pretendard-Black.otf */; };
		65F8852B2A2EA91B00D151F1 /* Pretendard-Bold.otf in Resources */ = {isa = PBXBuildFile; fileRef = 65F885222A2EA91B00D151F1 /* Pretendard-Bold.otf */; };
		65F885302A2EAB3900D151F1 /* Font+Pretendard.swift in Sources */ = {isa = PBXBuildFile; fileRef = 65F8852F2A2EAB3900D151F1 /* Font+Pretendard.swift */; };
		65F8854C2A3275B000D151F1 /* Color+Primary.swift in Sources */ = {isa = PBXBuildFile; fileRef = 65F8854B2A3275B000D151F1 /* Color+Primary.swift */; };
		65F8854F2A32764900D151F1 /* View+LineHeightFont.swift in Sources */ = {isa = PBXBuildFile; fileRef = 65F8854E2A32764900D151F1 /* View+LineHeightFont.swift */; };
		65F885532A327AF700D151F1 /* SplashView.swift in Sources */ = {isa = PBXBuildFile; fileRef = 65F885522A327AF700D151F1 /* SplashView.swift */; };
		65F885592A341B6000D151F1 /* LaunchScreen.storyboard in Resources */ = {isa = PBXBuildFile; fileRef = 65F885582A341B6000D151F1 /* LaunchScreen.storyboard */; };
		8ECF90E92A4EEBEB00069225 /* LoginButton.swift in Sources */ = {isa = PBXBuildFile; fileRef = 8ECF90E82A4EEBEB00069225 /* LoginButton.swift */; };
		8ECF90EC2A4EF6B500069225 /* GoogleSignIn in Frameworks */ = {isa = PBXBuildFile; productRef = 8ECF90EB2A4EF6B500069225 /* GoogleSignIn */; };
		8ECF90EE2A4EF6B500069225 /* GoogleSignInSwift in Frameworks */ = {isa = PBXBuildFile; productRef = 8ECF90ED2A4EF6B500069225 /* GoogleSignInSwift */; };
		8EE137782A4B09FB00A0D665 /* LoginView.swift in Sources */ = {isa = PBXBuildFile; fileRef = 8EE137772A4B09FB00A0D665 /* LoginView.swift */; };
		8EE1377B2A4B12B100A0D665 /* DCTextField.swift in Sources */ = {isa = PBXBuildFile; fileRef = 8EE1377A2A4B12B100A0D665 /* DCTextField.swift */; };
		8EE3EFF62A5593E6005585C7 /* Login.swift in Sources */ = {isa = PBXBuildFile; fileRef = 8EE3EFF52A5593E6005585C7 /* Login.swift */; };
		8EE3EFF82A55AD54005585C7 /* Urls.swift in Sources */ = {isa = PBXBuildFile; fileRef = 8EE3EFF72A55AD54005585C7 /* Urls.swift */; };
		8EF5C5B22A544DBF0025E589 /* NicknameInputView.swift in Sources */ = {isa = PBXBuildFile; fileRef = 8EF5C5AE2A544DBF0025E589 /* NicknameInputView.swift */; };
		8EF5C5B32A544DBF0025E589 /* TermsAgreementView.swift in Sources */ = {isa = PBXBuildFile; fileRef = 8EF5C5AF2A544DBF0025E589 /* TermsAgreementView.swift */; };
		8EF5C5B42A544DBF0025E589 /* SigninCompleteView.swift in Sources */ = {isa = PBXBuildFile; fileRef = 8EF5C5B02A544DBF0025E589 /* SigninCompleteView.swift */; };
		8EF5C5C12A544E4A0025E589 /* ExerciseSleepInputView.swift in Sources */ = {isa = PBXBuildFile; fileRef = 8EF5C5B92A544E4A0025E589 /* ExerciseSleepInputView.swift */; };
		8EF5C5C22A544E4A0025E589 /* AllergyInputView.swift in Sources */ = {isa = PBXBuildFile; fileRef = 8EF5C5BA2A544E4A0025E589 /* AllergyInputView.swift */; };
		8EF5C5C32A544E4A0025E589 /* UserInfoCompleteView.swift in Sources */ = {isa = PBXBuildFile; fileRef = 8EF5C5BB2A544E4A0025E589 /* UserInfoCompleteView.swift */; };
		8EF5C5C42A544E4A0025E589 /* GenderBirthdayInputView.swift in Sources */ = {isa = PBXBuildFile; fileRef = 8EF5C5BC2A544E4A0025E589 /* GenderBirthdayInputView.swift */; };
		8EF5C5C52A544E4A0025E589 /* PreferredFoodInputView.swift in Sources */ = {isa = PBXBuildFile; fileRef = 8EF5C5BD2A544E4A0025E589 /* PreferredFoodInputView.swift */; };
		8EF5C5C62A544E4A0025E589 /* HeightWeightInputView.swift in Sources */ = {isa = PBXBuildFile; fileRef = 8EF5C5BE2A544E4A0025E589 /* HeightWeightInputView.swift */; };
		8EF5C5C72A544E4A0025E589 /* EatingHabitInputView.swift in Sources */ = {isa = PBXBuildFile; fileRef = 8EF5C5BF2A544E4A0025E589 /* EatingHabitInputView.swift */; };
		8EF5C5C82A544E4A0025E589 /* MedicalConditionInputView.swift in Sources */ = {isa = PBXBuildFile; fileRef = 8EF5C5C02A544E4A0025E589 /* MedicalConditionInputView.swift */; };
		8EF5C5D92A544EC10025E589 /* SelectButton.swift in Sources */ = {isa = PBXBuildFile; fileRef = 8EF5C5D72A544EC10025E589 /* SelectButton.swift */; };
		8EF5C5DA2A544EC10025E589 /* CheckButton.swift in Sources */ = {isa = PBXBuildFile; fileRef = 8EF5C5D82A544EC10025E589 /* CheckButton.swift */; };
		8EF5C5DD2A544EE40025E589 /* View+CornerRadius.swift in Sources */ = {isa = PBXBuildFile; fileRef = 8EF5C5DB2A544EE40025E589 /* View+CornerRadius.swift */; };
		8EF5C5DE2A544EE40025E589 /* View+hideKeyboard.swift in Sources */ = {isa = PBXBuildFile; fileRef = 8EF5C5DC2A544EE40025E589 /* View+hideKeyboard.swift */; };
		A51E1C372A405DDF00E4EBA3 /* LoginStore.swift in Sources */ = {isa = PBXBuildFile; fileRef = A51E1C362A405DDF00E4EBA3 /* LoginStore.swift */; };
		A51E1C3A2A40606800E4EBA3 /* KakaoSDK in Frameworks */ = {isa = PBXBuildFile; productRef = A51E1C392A40606800E4EBA3 /* KakaoSDK */; };
		A51E1C3D2A4061C800E4EBA3 /* AppDelegate.swift in Sources */ = {isa = PBXBuildFile; fileRef = A51E1C3C2A4061C800E4EBA3 /* AppDelegate.swift */; };
		A51E1C432A406A4800E4EBA3 /* RegistrationStore.swift in Sources */ = {isa = PBXBuildFile; fileRef = A51E1C422A406A4800E4EBA3 /* RegistrationStore.swift */; };
		A51E1C462A406BAC00E4EBA3 /* Validation.swift in Sources */ = {isa = PBXBuildFile; fileRef = A51E1C452A406BAC00E4EBA3 /* Validation.swift */; };
		A526DDC32A092B0300B682BF /* DiningCoachApp.swift in Sources */ = {isa = PBXBuildFile; fileRef = A526DDC22A092B0300B682BF /* DiningCoachApp.swift */; };
		A526DDC52A092B0300B682BF /* ContentView.swift in Sources */ = {isa = PBXBuildFile; fileRef = A526DDC42A092B0300B682BF /* ContentView.swift */; };
		A526DDC72A092B0400B682BF /* Assets.xcassets in Resources */ = {isa = PBXBuildFile; fileRef = A526DDC62A092B0400B682BF /* Assets.xcassets */; };
		A526DDCA2A092B0400B682BF /* Preview Assets.xcassets in Resources */ = {isa = PBXBuildFile; fileRef = A526DDC92A092B0400B682BF /* Preview Assets.xcassets */; };
/* End PBXBuildFile section */

/* Begin PBXFileReference section */
		655D9B712A354C03005E133E /* launchScreenLogo@2x.png */ = {isa = PBXFileReference; lastKnownFileType = image.png; path = "launchScreenLogo@2x.png"; sourceTree = "<group>"; };
		655D9B722A354C03005E133E /* launchScreenLogo@3x.png */ = {isa = PBXFileReference; lastKnownFileType = image.png; path = "launchScreenLogo@3x.png"; sourceTree = "<group>"; };
		655D9B732A354C03005E133E /* launchScreenLogo.png */ = {isa = PBXFileReference; lastKnownFileType = image.png; path = launchScreenLogo.png; sourceTree = "<group>"; };
		655D9B8D2A39D815005E133E /* Color+Neutral.swift */ = {isa = PBXFileReference; lastKnownFileType = sourcecode.swift; path = "Color+Neutral.swift"; sourceTree = "<group>"; };
		655D9B912A39DA0C005E133E /* DCButton.swift */ = {isa = PBXFileReference; lastKnownFileType = sourcecode.swift; path = DCButton.swift; sourceTree = "<group>"; };
		655D9B932A39DA47005E133E /* DCButtonStyle.swift */ = {isa = PBXFileReference; lastKnownFileType = sourcecode.swift; path = DCButtonStyle.swift; sourceTree = "<group>"; };
		655D9B952A39DBED005E133E /* DCButton+Style.swift */ = {isa = PBXFileReference; lastKnownFileType = sourcecode.swift; path = "DCButton+Style.swift"; sourceTree = "<group>"; };
		65F885162A2EA62000D151F1 /* Colors.xcassets */ = {isa = PBXFileReference; lastKnownFileType = folder.assetcatalog; path = Colors.xcassets; sourceTree = "<group>"; };
		65F8851A2A2EA91B00D151F1 /* Pretendard-ExtraBold.otf */ = {isa = PBXFileReference; lastKnownFileType = file; path = "Pretendard-ExtraBold.otf"; sourceTree = "<group>"; };
		65F8851B2A2EA91B00D151F1 /* Pretendard-Thin.otf */ = {isa = PBXFileReference; lastKnownFileType = file; path = "Pretendard-Thin.otf"; sourceTree = "<group>"; };
		65F8851C2A2EA91B00D151F1 /* Pretendard-Medium.otf */ = {isa = PBXFileReference; lastKnownFileType = file; path = "Pretendard-Medium.otf"; sourceTree = "<group>"; };
		65F8851D2A2EA91B00D151F1 /* Pretendard-SemiBold.otf */ = {isa = PBXFileReference; lastKnownFileType = file; path = "Pretendard-SemiBold.otf"; sourceTree = "<group>"; };
		65F8851E2A2EA91B00D151F1 /* Pretendard-Light.otf */ = {isa = PBXFileReference; lastKnownFileType = file; path = "Pretendard-Light.otf"; sourceTree = "<group>"; };
		65F8851F2A2EA91B00D151F1 /* Pretendard-ExtraLight.otf */ = {isa = PBXFileReference; lastKnownFileType = file; path = "Pretendard-ExtraLight.otf"; sourceTree = "<group>"; };
		65F885202A2EA91B00D151F1 /* Pretendard-Regular.otf */ = {isa = PBXFileReference; lastKnownFileType = file; path = "Pretendard-Regular.otf"; sourceTree = "<group>"; };
		65F885212A2EA91B00D151F1 /* Pretendard-Black.otf */ = {isa = PBXFileReference; lastKnownFileType = file; path = "Pretendard-Black.otf"; sourceTree = "<group>"; };
		65F885222A2EA91B00D151F1 /* Pretendard-Bold.otf */ = {isa = PBXFileReference; lastKnownFileType = file; path = "Pretendard-Bold.otf"; sourceTree = "<group>"; };
		65F8852C2A2EA96400D151F1 /* Info.plist */ = {isa = PBXFileReference; lastKnownFileType = text.plist.xml; path = Info.plist; sourceTree = "<group>"; };
		65F8852F2A2EAB3900D151F1 /* Font+Pretendard.swift */ = {isa = PBXFileReference; lastKnownFileType = sourcecode.swift; path = "Font+Pretendard.swift"; sourceTree = "<group>"; };
		65F8854B2A3275B000D151F1 /* Color+Primary.swift */ = {isa = PBXFileReference; lastKnownFileType = sourcecode.swift; path = "Color+Primary.swift"; sourceTree = "<group>"; };
		65F8854E2A32764900D151F1 /* View+LineHeightFont.swift */ = {isa = PBXFileReference; lastKnownFileType = sourcecode.swift; path = "View+LineHeightFont.swift"; sourceTree = "<group>"; };
		65F885522A327AF700D151F1 /* SplashView.swift */ = {isa = PBXFileReference; lastKnownFileType = sourcecode.swift; path = SplashView.swift; sourceTree = "<group>"; };
		65F885582A341B6000D151F1 /* LaunchScreen.storyboard */ = {isa = PBXFileReference; lastKnownFileType = file.storyboard; path = LaunchScreen.storyboard; sourceTree = "<group>"; };
		8ECF90E82A4EEBEB00069225 /* LoginButton.swift */ = {isa = PBXFileReference; lastKnownFileType = sourcecode.swift; path = LoginButton.swift; sourceTree = "<group>"; };
		8EE137742A4B06A400A0D665 /* Config.xcconfig */ = {isa = PBXFileReference; lastKnownFileType = text.xcconfig; path = Config.xcconfig; sourceTree = "<group>"; };
		8EE137772A4B09FB00A0D665 /* LoginView.swift */ = {isa = PBXFileReference; lastKnownFileType = sourcecode.swift; path = LoginView.swift; sourceTree = "<group>"; };
		8EE1377A2A4B12B100A0D665 /* DCTextField.swift */ = {isa = PBXFileReference; lastKnownFileType = sourcecode.swift; path = DCTextField.swift; sourceTree = "<group>"; };
		8EE3EFF52A5593E6005585C7 /* Login.swift */ = {isa = PBXFileReference; lastKnownFileType = sourcecode.swift; path = Login.swift; sourceTree = "<group>"; };
		8EE3EFF72A55AD54005585C7 /* Urls.swift */ = {isa = PBXFileReference; lastKnownFileType = sourcecode.swift; path = Urls.swift; sourceTree = "<group>"; };
		8EF5C5AE2A544DBF0025E589 /* NicknameInputView.swift */ = {isa = PBXFileReference; fileEncoding = 4; lastKnownFileType = sourcecode.swift; path = NicknameInputView.swift; sourceTree = "<group>"; };
		8EF5C5AF2A544DBF0025E589 /* TermsAgreementView.swift */ = {isa = PBXFileReference; fileEncoding = 4; lastKnownFileType = sourcecode.swift; path = TermsAgreementView.swift; sourceTree = "<group>"; };
		8EF5C5B02A544DBF0025E589 /* SigninCompleteView.swift */ = {isa = PBXFileReference; fileEncoding = 4; lastKnownFileType = sourcecode.swift; path = SigninCompleteView.swift; sourceTree = "<group>"; };
		8EF5C5B92A544E4A0025E589 /* ExerciseSleepInputView.swift */ = {isa = PBXFileReference; fileEncoding = 4; lastKnownFileType = sourcecode.swift; path = ExerciseSleepInputView.swift; sourceTree = "<group>"; };
		8EF5C5BA2A544E4A0025E589 /* AllergyInputView.swift */ = {isa = PBXFileReference; fileEncoding = 4; lastKnownFileType = sourcecode.swift; path = AllergyInputView.swift; sourceTree = "<group>"; };
		8EF5C5BB2A544E4A0025E589 /* UserInfoCompleteView.swift */ = {isa = PBXFileReference; fileEncoding = 4; lastKnownFileType = sourcecode.swift; path = UserInfoCompleteView.swift; sourceTree = "<group>"; };
		8EF5C5BC2A544E4A0025E589 /* GenderBirthdayInputView.swift */ = {isa = PBXFileReference; fileEncoding = 4; lastKnownFileType = sourcecode.swift; path = GenderBirthdayInputView.swift; sourceTree = "<group>"; };
		8EF5C5BD2A544E4A0025E589 /* PreferredFoodInputView.swift */ = {isa = PBXFileReference; fileEncoding = 4; lastKnownFileType = sourcecode.swift; path = PreferredFoodInputView.swift; sourceTree = "<group>"; };
		8EF5C5BE2A544E4A0025E589 /* HeightWeightInputView.swift */ = {isa = PBXFileReference; fileEncoding = 4; lastKnownFileType = sourcecode.swift; path = HeightWeightInputView.swift; sourceTree = "<group>"; };
		8EF5C5BF2A544E4A0025E589 /* EatingHabitInputView.swift */ = {isa = PBXFileReference; fileEncoding = 4; lastKnownFileType = sourcecode.swift; path = EatingHabitInputView.swift; sourceTree = "<group>"; };
		8EF5C5C02A544E4A0025E589 /* MedicalConditionInputView.swift */ = {isa = PBXFileReference; fileEncoding = 4; lastKnownFileType = sourcecode.swift; path = MedicalConditionInputView.swift; sourceTree = "<group>"; };
		8EF5C5D72A544EC10025E589 /* SelectButton.swift */ = {isa = PBXFileReference; fileEncoding = 4; lastKnownFileType = sourcecode.swift; path = SelectButton.swift; sourceTree = "<group>"; };
		8EF5C5D82A544EC10025E589 /* CheckButton.swift */ = {isa = PBXFileReference; fileEncoding = 4; lastKnownFileType = sourcecode.swift; path = CheckButton.swift; sourceTree = "<group>"; };
		8EF5C5DB2A544EE40025E589 /* View+CornerRadius.swift */ = {isa = PBXFileReference; fileEncoding = 4; lastKnownFileType = sourcecode.swift; path = "View+CornerRadius.swift"; sourceTree = "<group>"; };
		8EF5C5DC2A544EE40025E589 /* View+hideKeyboard.swift */ = {isa = PBXFileReference; fileEncoding = 4; lastKnownFileType = sourcecode.swift; path = "View+hideKeyboard.swift"; sourceTree = "<group>"; };
		A51E1C362A405DDF00E4EBA3 /* LoginStore.swift */ = {isa = PBXFileReference; lastKnownFileType = sourcecode.swift; path = LoginStore.swift; sourceTree = "<group>"; };
		A51E1C3C2A4061C800E4EBA3 /* AppDelegate.swift */ = {isa = PBXFileReference; lastKnownFileType = sourcecode.swift; path = AppDelegate.swift; sourceTree = "<group>"; };
		A51E1C402A4066D100E4EBA3 /* DiningCoach.entitlements */ = {isa = PBXFileReference; lastKnownFileType = text.plist.entitlements; path = DiningCoach.entitlements; sourceTree = "<group>"; };
		A51E1C422A406A4800E4EBA3 /* RegistrationStore.swift */ = {isa = PBXFileReference; lastKnownFileType = sourcecode.swift; path = RegistrationStore.swift; sourceTree = "<group>"; };
		A51E1C452A406BAC00E4EBA3 /* Validation.swift */ = {isa = PBXFileReference; lastKnownFileType = sourcecode.swift; path = Validation.swift; sourceTree = "<group>"; };
		A526DDBF2A092B0300B682BF /* DiningCoach.app */ = {isa = PBXFileReference; explicitFileType = wrapper.application; includeInIndex = 0; path = DiningCoach.app; sourceTree = BUILT_PRODUCTS_DIR; };
		A526DDC22A092B0300B682BF /* DiningCoachApp.swift */ = {isa = PBXFileReference; lastKnownFileType = sourcecode.swift; path = DiningCoachApp.swift; sourceTree = "<group>"; };
		A526DDC42A092B0300B682BF /* ContentView.swift */ = {isa = PBXFileReference; lastKnownFileType = sourcecode.swift; path = ContentView.swift; sourceTree = "<group>"; };
		A526DDC62A092B0400B682BF /* Assets.xcassets */ = {isa = PBXFileReference; lastKnownFileType = folder.assetcatalog; path = Assets.xcassets; sourceTree = "<group>"; };
		A526DDC92A092B0400B682BF /* Preview Assets.xcassets */ = {isa = PBXFileReference; lastKnownFileType = folder.assetcatalog; path = "Preview Assets.xcassets"; sourceTree = "<group>"; };
/* End PBXFileReference section */

/* Begin PBXFrameworksBuildPhase section */
		A526DDBC2A092B0300B682BF /* Frameworks */ = {
			isa = PBXFrameworksBuildPhase;
			buildActionMask = 2147483647;
			files = (
				8ECF90EE2A4EF6B500069225 /* GoogleSignInSwift in Frameworks */,
				A51E1C3A2A40606800E4EBA3 /* KakaoSDK in Frameworks */,
				8ECF90EC2A4EF6B500069225 /* GoogleSignIn in Frameworks */,
			);
			runOnlyForDeploymentPostprocessing = 0;
		};
/* End PBXFrameworksBuildPhase section */

/* Begin PBXGroup section */
		655D9B702A354BF9005E133E /* Launch Screen */ = {
			isa = PBXGroup;
			children = (
				655D9B732A354C03005E133E /* launchScreenLogo.png */,
				655D9B712A354C03005E133E /* launchScreenLogo@2x.png */,
				655D9B722A354C03005E133E /* launchScreenLogo@3x.png */,
				65F885582A341B6000D151F1 /* LaunchScreen.storyboard */,
			);
			path = "Launch Screen";
			sourceTree = "<group>";
		};
		655D9B8F2A39D9FF005E133E /* Component */ = {
			isa = PBXGroup;
			children = (
				8EE137792A4B12A400A0D665 /* TextField */,
				655D9B902A39DA06005E133E /* Button */,
			);
			path = Component;
			sourceTree = "<group>";
		};
		655D9B902A39DA06005E133E /* Button */ = {
			isa = PBXGroup;
			children = (
				8EF5C5D82A544EC10025E589 /* CheckButton.swift */,
				8EF5C5D72A544EC10025E589 /* SelectButton.swift */,
				655D9B912A39DA0C005E133E /* DCButton.swift */,
				655D9B952A39DBED005E133E /* DCButton+Style.swift */,
				655D9B932A39DA47005E133E /* DCButtonStyle.swift */,
			);
			path = Button;
			sourceTree = "<group>";
		};
		6562204C2A354A7B0082840A /* Image */ = {
			isa = PBXGroup;
			children = (
				A526DDC62A092B0400B682BF /* Assets.xcassets */,
			);
			path = Image;
			sourceTree = "<group>";
		};
		65F885182A2EA85D00D151F1 /* Resources */ = {
			isa = PBXGroup;
			children = (
				655D9B702A354BF9005E133E /* Launch Screen */,
				6562204C2A354A7B0082840A /* Image */,
				65F8854A2A32759C00D151F1 /* Color */,
				65F885192A2EA86700D151F1 /* Font */,
			);
			path = Resources;
			sourceTree = "<group>";
		};
		65F885192A2EA86700D151F1 /* Font */ = {
			isa = PBXGroup;
			children = (
				65F8851A2A2EA91B00D151F1 /* Pretendard-ExtraBold.otf */,
				65F885222A2EA91B00D151F1 /* Pretendard-Bold.otf */,
				65F8851D2A2EA91B00D151F1 /* Pretendard-SemiBold.otf */,
				65F8851C2A2EA91B00D151F1 /* Pretendard-Medium.otf */,
				65F885202A2EA91B00D151F1 /* Pretendard-Regular.otf */,
				65F8851F2A2EA91B00D151F1 /* Pretendard-ExtraLight.otf */,
				65F8851E2A2EA91B00D151F1 /* Pretendard-Light.otf */,
				65F885212A2EA91B00D151F1 /* Pretendard-Black.otf */,
				65F8851B2A2EA91B00D151F1 /* Pretendard-Thin.otf */,
				65F8852F2A2EAB3900D151F1 /* Font+Pretendard.swift */,
			);
			path = Font;
			sourceTree = "<group>";
		};
		65F885312A2EAD8600D151F1 /* Supporting Files */ = {
			isa = PBXGroup;
			children = (
				65F8852C2A2EA96400D151F1 /* Info.plist */,
			);
			path = "Supporting Files";
			sourceTree = "<group>";
		};
		65F8853B2A326CB400D151F1 /* Sources */ = {
			isa = PBXGroup;
			children = (
				8EF5C5B82A544E4A0025E589 /* UserInfo */,
				8EF5C5AE2A544DBF0025E589 /* NicknameInputView.swift */,
				8EF5C5B02A544DBF0025E589 /* SigninCompleteView.swift */,
				8EF5C5AF2A544DBF0025E589 /* TermsAgreementView.swift */,
				A51E1C442A406B9900E4EBA3 /* Validation */,
				A51E1C412A406A3300E4EBA3 /* Registration */,
				A51E1C3B2A4061B900E4EBA3 /* API */,
				A526DDC22A092B0300B682BF /* DiningCoachApp.swift */,
				A526DDC42A092B0300B682BF /* ContentView.swift */,
				65F885502A327AE200D151F1 /* Scene */,
				655D9B8F2A39D9FF005E133E /* Component */,
				65F8854D2A32761E00D151F1 /* Helper */,
			);
			path = Sources;
			sourceTree = "<group>";
		};
		65F8854A2A32759C00D151F1 /* Color */ = {
			isa = PBXGroup;
			children = (
				65F885162A2EA62000D151F1 /* Colors.xcassets */,
				65F8854B2A3275B000D151F1 /* Color+Primary.swift */,
				655D9B8D2A39D815005E133E /* Color+Neutral.swift */,
			);
			path = Color;
			sourceTree = "<group>";
		};
		65F8854D2A32761E00D151F1 /* Helper */ = {
			isa = PBXGroup;
			children = (
				8EF5C5DB2A544EE40025E589 /* View+CornerRadius.swift */,
				8EF5C5DC2A544EE40025E589 /* View+hideKeyboard.swift */,
				65F8854E2A32764900D151F1 /* View+LineHeightFont.swift */,
			);
			path = Helper;
			sourceTree = "<group>";
		};
		65F885502A327AE200D151F1 /* Scene */ = {
			isa = PBXGroup;
			children = (
				8EE137732A4B04AE00A0D665 /* Login */,
				65F885512A327AE800D151F1 /* Splash */,
			);
			path = Scene;
			sourceTree = "<group>";
		};
		65F885512A327AE800D151F1 /* Splash */ = {
			isa = PBXGroup;
			children = (
				65F885522A327AF700D151F1 /* SplashView.swift */,
			);
			path = Splash;
			sourceTree = "<group>";
		};
		8EE137732A4B04AE00A0D665 /* Login */ = {
			isa = PBXGroup;
			children = (
				8EE3EFF32A5593C2005585C7 /* View */,
				8EE3EFF22A5593B2005585C7 /* Store */,
			);
			path = Login;
			sourceTree = "<group>";
		};
		8EE137792A4B12A400A0D665 /* TextField */ = {
			isa = PBXGroup;
			children = (
				8EE1377A2A4B12B100A0D665 /* DCTextField.swift */,
			);
			path = TextField;
			sourceTree = "<group>";
		};
		8EE3EFF22A5593B2005585C7 /* Store */ = {
			isa = PBXGroup;
			children = (
				A51E1C362A405DDF00E4EBA3 /* LoginStore.swift */,
			);
			path = Store;
			sourceTree = "<group>";
		};
		8EE3EFF32A5593C2005585C7 /* View */ = {
			isa = PBXGroup;
			children = (
				8EE137772A4B09FB00A0D665 /* LoginView.swift */,
				8ECF90E82A4EEBEB00069225 /* LoginButton.swift */,
			);
			path = View;
			sourceTree = "<group>";
		};
		8EE3EFF42A5593CE005585C7 /* Model */ = {
			isa = PBXGroup;
			children = (
				8EE3EFF52A5593E6005585C7 /* Login.swift */,
			);
			path = Model;
			sourceTree = "<group>";
		};
		8EF5C5B82A544E4A0025E589 /* UserInfo */ = {
			isa = PBXGroup;
			children = (
				8EF5C5B92A544E4A0025E589 /* ExerciseSleepInputView.swift */,
				8EF5C5BA2A544E4A0025E589 /* AllergyInputView.swift */,
				8EF5C5BB2A544E4A0025E589 /* UserInfoCompleteView.swift */,
				8EF5C5BC2A544E4A0025E589 /* GenderBirthdayInputView.swift */,
				8EF5C5BD2A544E4A0025E589 /* PreferredFoodInputView.swift */,
				8EF5C5BE2A544E4A0025E589 /* HeightWeightInputView.swift */,
				8EF5C5BF2A544E4A0025E589 /* EatingHabitInputView.swift */,
				8EF5C5C02A544E4A0025E589 /* MedicalConditionInputView.swift */,
			);
			path = UserInfo;
			sourceTree = "<group>";
		};
		A51E1C3B2A4061B900E4EBA3 /* API */ = {
			isa = PBXGroup;
			children = (
				8EE3EFF42A5593CE005585C7 /* Model */,
				A51E1C3C2A4061C800E4EBA3 /* AppDelegate.swift */,
				8EE3EFF72A55AD54005585C7 /* Urls.swift */,
			);
			path = API;
			sourceTree = "<group>";
		};
		A51E1C412A406A3300E4EBA3 /* Registration */ = {
			isa = PBXGroup;
			children = (
				A51E1C422A406A4800E4EBA3 /* RegistrationStore.swift */,
			);
			path = Registration;
			sourceTree = "<group>";
		};
		A51E1C442A406B9900E4EBA3 /* Validation */ = {
			isa = PBXGroup;
			children = (
				A51E1C452A406BAC00E4EBA3 /* Validation.swift */,
			);
			path = Validation;
			sourceTree = "<group>";
		};
		A526DDB62A092B0300B682BF = {
			isa = PBXGroup;
			children = (
				8EE137742A4B06A400A0D665 /* Config.xcconfig */,
				A526DDC12A092B0300B682BF /* DiningCoach */,
				A526DDC02A092B0300B682BF /* Products */,
			);
			sourceTree = "<group>";
		};
		A526DDC02A092B0300B682BF /* Products */ = {
			isa = PBXGroup;
			children = (
				A526DDBF2A092B0300B682BF /* DiningCoach.app */,
			);
			name = Products;
			sourceTree = "<group>";
		};
		A526DDC12A092B0300B682BF /* DiningCoach */ = {
			isa = PBXGroup;
			children = (
				A51E1C402A4066D100E4EBA3 /* DiningCoach.entitlements */,
				65F8853B2A326CB400D151F1 /* Sources */,
				65F885182A2EA85D00D151F1 /* Resources */,
				65F885312A2EAD8600D151F1 /* Supporting Files */,
				A526DDC82A092B0400B682BF /* Preview Content */,
			);
			path = DiningCoach;
			sourceTree = "<group>";
		};
		A526DDC82A092B0400B682BF /* Preview Content */ = {
			isa = PBXGroup;
			children = (
				A526DDC92A092B0400B682BF /* Preview Assets.xcassets */,
			);
			path = "Preview Content";
			sourceTree = "<group>";
		};
/* End PBXGroup section */

/* Begin PBXNativeTarget section */
		A526DDBE2A092B0300B682BF /* DiningCoach */ = {
			isa = PBXNativeTarget;
			buildConfigurationList = A526DDCD2A092B0400B682BF /* Build configuration list for PBXNativeTarget "DiningCoach" */;
			buildPhases = (
				A526DDBB2A092B0300B682BF /* Sources */,
				A526DDBC2A092B0300B682BF /* Frameworks */,
				A526DDBD2A092B0300B682BF /* Resources */,
			);
			buildRules = (
			);
			dependencies = (
			);
			name = DiningCoach;
			packageProductDependencies = (
				A51E1C392A40606800E4EBA3 /* KakaoSDK */,
				8ECF90EB2A4EF6B500069225 /* GoogleSignIn */,
				8ECF90ED2A4EF6B500069225 /* GoogleSignInSwift */,
			);
			productName = DiningCoach;
			productReference = A526DDBF2A092B0300B682BF /* DiningCoach.app */;
			productType = "com.apple.product-type.application";
		};
/* End PBXNativeTarget section */

/* Begin PBXProject section */
		A526DDB72A092B0300B682BF /* Project object */ = {
			isa = PBXProject;
			attributes = {
				BuildIndependentTargetsInParallel = 1;
				LastSwiftUpdateCheck = 1420;
				LastUpgradeCheck = 1420;
				TargetAttributes = {
					A526DDBE2A092B0300B682BF = {
						CreatedOnToolsVersion = 14.2;
					};
				};
			};
			buildConfigurationList = A526DDBA2A092B0300B682BF /* Build configuration list for PBXProject "DiningCoach" */;
			compatibilityVersion = "Xcode 14.0";
			developmentRegion = en;
			hasScannedForEncodings = 0;
			knownRegions = (
				en,
				Base,
			);
			mainGroup = A526DDB62A092B0300B682BF;
			packageReferences = (
				A51E1C382A40606800E4EBA3 /* XCRemoteSwiftPackageReference "kakao-ios-sdk" */,
				8ECF90EA2A4EF6B500069225 /* XCRemoteSwiftPackageReference "GoogleSignIn-iOS" */,
			);
			productRefGroup = A526DDC02A092B0300B682BF /* Products */;
			projectDirPath = "";
			projectRoot = "";
			targets = (
				A526DDBE2A092B0300B682BF /* DiningCoach */,
			);
		};
/* End PBXProject section */

/* Begin PBXResourcesBuildPhase section */
		A526DDBD2A092B0300B682BF /* Resources */ = {
			isa = PBXResourcesBuildPhase;
			buildActionMask = 2147483647;
			files = (
				65F885282A2EA91B00D151F1 /* Pretendard-ExtraLight.otf in Resources */,
				65F8852B2A2EA91B00D151F1 /* Pretendard-Bold.otf in Resources */,
				A526DDCA2A092B0400B682BF /* Preview Assets.xcassets in Resources */,
				655D9B762A354C03005E133E /* launchScreenLogo.png in Resources */,
				65F885272A2EA91B00D151F1 /* Pretendard-Light.otf in Resources */,
				65F885242A2EA91B00D151F1 /* Pretendard-Thin.otf in Resources */,
				65F885262A2EA91B00D151F1 /* Pretendard-SemiBold.otf in Resources */,
				A526DDC72A092B0400B682BF /* Assets.xcassets in Resources */,
				655D9B752A354C03005E133E /* launchScreenLogo@3x.png in Resources */,
				65F8852A2A2EA91B00D151F1 /* Pretendard-Black.otf in Resources */,
				65F885232A2EA91B00D151F1 /* Pretendard-ExtraBold.otf in Resources */,
				65F885292A2EA91B00D151F1 /* Pretendard-Regular.otf in Resources */,
				655D9B742A354C03005E133E /* launchScreenLogo@2x.png in Resources */,
				65F885172A2EA62000D151F1 /* Colors.xcassets in Resources */,
				65F885252A2EA91B00D151F1 /* Pretendard-Medium.otf in Resources */,
				65F885592A341B6000D151F1 /* LaunchScreen.storyboard in Resources */,
			);
			runOnlyForDeploymentPostprocessing = 0;
		};
/* End PBXResourcesBuildPhase section */

/* Begin PBXSourcesBuildPhase section */
		A526DDBB2A092B0300B682BF /* Sources */ = {
			isa = PBXSourcesBuildPhase;
			buildActionMask = 2147483647;
			files = (
				8EF5C5B32A544DBF0025E589 /* TermsAgreementView.swift in Sources */,
				8EE1377B2A4B12B100A0D665 /* DCTextField.swift in Sources */,
				8EF5C5C62A544E4A0025E589 /* HeightWeightInputView.swift in Sources */,
				8EF5C5DE2A544EE40025E589 /* View+hideKeyboard.swift in Sources */,
				8EF5C5C82A544E4A0025E589 /* MedicalConditionInputView.swift in Sources */,
				8EF5C5D92A544EC10025E589 /* SelectButton.swift in Sources */,
				8ECF90E92A4EEBEB00069225 /* LoginButton.swift in Sources */,
				A51E1C3D2A4061C800E4EBA3 /* AppDelegate.swift in Sources */,
				8EF5C5C22A544E4A0025E589 /* AllergyInputView.swift in Sources */,
				8EE3EFF62A5593E6005585C7 /* Login.swift in Sources */,
				8EF5C5C12A544E4A0025E589 /* ExerciseSleepInputView.swift in Sources */,
				65F8854C2A3275B000D151F1 /* Color+Primary.swift in Sources */,
				8EF5C5C42A544E4A0025E589 /* GenderBirthdayInputView.swift in Sources */,
				8EF5C5C72A544E4A0025E589 /* EatingHabitInputView.swift in Sources */,
				65F885302A2EAB3900D151F1 /* Font+Pretendard.swift in Sources */,
				8EF5C5B22A544DBF0025E589 /* NicknameInputView.swift in Sources */,
				8EE137782A4B09FB00A0D665 /* LoginView.swift in Sources */,
				655D9B962A39DBED005E133E /* DCButton+Style.swift in Sources */,
				A51E1C372A405DDF00E4EBA3 /* LoginStore.swift in Sources */,
				A526DDC52A092B0300B682BF /* ContentView.swift in Sources */,
				8EF5C5B42A544DBF0025E589 /* SigninCompleteView.swift in Sources */,
				A51E1C432A406A4800E4EBA3 /* RegistrationStore.swift in Sources */,
				8EF5C5C32A544E4A0025E589 /* UserInfoCompleteView.swift in Sources */,
				65F8854F2A32764900D151F1 /* View+LineHeightFont.swift in Sources */,
				8EF5C5C52A544E4A0025E589 /* PreferredFoodInputView.swift in Sources */,
				8EE3EFF82A55AD54005585C7 /* Urls.swift in Sources */,
				655D9B922A39DA0C005E133E /* DCButton.swift in Sources */,
				655D9B8E2A39D815005E133E /* Color+Neutral.swift in Sources */,
				A526DDC32A092B0300B682BF /* DiningCoachApp.swift in Sources */,
				65F885532A327AF700D151F1 /* SplashView.swift in Sources */,
				A51E1C462A406BAC00E4EBA3 /* Validation.swift in Sources */,
				8EF5C5DA2A544EC10025E589 /* CheckButton.swift in Sources */,
				655D9B942A39DA47005E133E /* DCButtonStyle.swift in Sources */,
				8EF5C5DD2A544EE40025E589 /* View+CornerRadius.swift in Sources */,
			);
			runOnlyForDeploymentPostprocessing = 0;
		};
/* End PBXSourcesBuildPhase section */

/* Begin XCBuildConfiguration section */
		A526DDCB2A092B0400B682BF /* Debug */ = {
			isa = XCBuildConfiguration;
			baseConfigurationReference = 8EE137742A4B06A400A0D665 /* Config.xcconfig */;
			buildSettings = {
				ALWAYS_SEARCH_USER_PATHS = NO;
				CLANG_ANALYZER_NONNULL = YES;
				CLANG_ANALYZER_NUMBER_OBJECT_CONVERSION = YES_AGGRESSIVE;
				CLANG_CXX_LANGUAGE_STANDARD = "gnu++20";
				CLANG_ENABLE_MODULES = YES;
				CLANG_ENABLE_OBJC_ARC = YES;
				CLANG_ENABLE_OBJC_WEAK = YES;
				CLANG_WARN_BLOCK_CAPTURE_AUTORELEASING = YES;
				CLANG_WARN_BOOL_CONVERSION = YES;
				CLANG_WARN_COMMA = YES;
				CLANG_WARN_CONSTANT_CONVERSION = YES;
				CLANG_WARN_DEPRECATED_OBJC_IMPLEMENTATIONS = YES;
				CLANG_WARN_DIRECT_OBJC_ISA_USAGE = YES_ERROR;
				CLANG_WARN_DOCUMENTATION_COMMENTS = YES;
				CLANG_WARN_EMPTY_BODY = YES;
				CLANG_WARN_ENUM_CONVERSION = YES;
				CLANG_WARN_INFINITE_RECURSION = YES;
				CLANG_WARN_INT_CONVERSION = YES;
				CLANG_WARN_NON_LITERAL_NULL_CONVERSION = YES;
				CLANG_WARN_OBJC_IMPLICIT_RETAIN_SELF = YES;
				CLANG_WARN_OBJC_LITERAL_CONVERSION = YES;
				CLANG_WARN_OBJC_ROOT_CLASS = YES_ERROR;
				CLANG_WARN_QUOTED_INCLUDE_IN_FRAMEWORK_HEADER = YES;
				CLANG_WARN_RANGE_LOOP_ANALYSIS = YES;
				CLANG_WARN_STRICT_PROTOTYPES = YES;
				CLANG_WARN_SUSPICIOUS_MOVE = YES;
				CLANG_WARN_UNGUARDED_AVAILABILITY = YES_AGGRESSIVE;
				CLANG_WARN_UNREACHABLE_CODE = YES;
				CLANG_WARN__DUPLICATE_METHOD_MATCH = YES;
				COPY_PHASE_STRIP = NO;
				DEBUG_INFORMATION_FORMAT = dwarf;
				ENABLE_STRICT_OBJC_MSGSEND = YES;
				ENABLE_TESTABILITY = YES;
				GCC_C_LANGUAGE_STANDARD = gnu11;
				GCC_DYNAMIC_NO_PIC = NO;
				GCC_NO_COMMON_BLOCKS = YES;
				GCC_OPTIMIZATION_LEVEL = 0;
				GCC_PREPROCESSOR_DEFINITIONS = (
					"DEBUG=1",
					"$(inherited)",
				);
				GCC_WARN_64_TO_32_BIT_CONVERSION = YES;
				GCC_WARN_ABOUT_RETURN_TYPE = YES_ERROR;
				GCC_WARN_UNDECLARED_SELECTOR = YES;
				GCC_WARN_UNINITIALIZED_AUTOS = YES_AGGRESSIVE;
				GCC_WARN_UNUSED_FUNCTION = YES;
				GCC_WARN_UNUSED_VARIABLE = YES;
				IPHONEOS_DEPLOYMENT_TARGET = 16.2;
				MTL_ENABLE_DEBUG_INFO = INCLUDE_SOURCE;
				MTL_FAST_MATH = YES;
				ONLY_ACTIVE_ARCH = YES;
				SDKROOT = iphoneos;
				SWIFT_ACTIVE_COMPILATION_CONDITIONS = DEBUG;
				SWIFT_OPTIMIZATION_LEVEL = "-Onone";
			};
			name = Debug;
		};
		A526DDCC2A092B0400B682BF /* Release */ = {
			isa = XCBuildConfiguration;
			baseConfigurationReference = 8EE137742A4B06A400A0D665 /* Config.xcconfig */;
			buildSettings = {
				ALWAYS_SEARCH_USER_PATHS = NO;
				CLANG_ANALYZER_NONNULL = YES;
				CLANG_ANALYZER_NUMBER_OBJECT_CONVERSION = YES_AGGRESSIVE;
				CLANG_CXX_LANGUAGE_STANDARD = "gnu++20";
				CLANG_ENABLE_MODULES = YES;
				CLANG_ENABLE_OBJC_ARC = YES;
				CLANG_ENABLE_OBJC_WEAK = YES;
				CLANG_WARN_BLOCK_CAPTURE_AUTORELEASING = YES;
				CLANG_WARN_BOOL_CONVERSION = YES;
				CLANG_WARN_COMMA = YES;
				CLANG_WARN_CONSTANT_CONVERSION = YES;
				CLANG_WARN_DEPRECATED_OBJC_IMPLEMENTATIONS = YES;
				CLANG_WARN_DIRECT_OBJC_ISA_USAGE = YES_ERROR;
				CLANG_WARN_DOCUMENTATION_COMMENTS = YES;
				CLANG_WARN_EMPTY_BODY = YES;
				CLANG_WARN_ENUM_CONVERSION = YES;
				CLANG_WARN_INFINITE_RECURSION = YES;
				CLANG_WARN_INT_CONVERSION = YES;
				CLANG_WARN_NON_LITERAL_NULL_CONVERSION = YES;
				CLANG_WARN_OBJC_IMPLICIT_RETAIN_SELF = YES;
				CLANG_WARN_OBJC_LITERAL_CONVERSION = YES;
				CLANG_WARN_OBJC_ROOT_CLASS = YES_ERROR;
				CLANG_WARN_QUOTED_INCLUDE_IN_FRAMEWORK_HEADER = YES;
				CLANG_WARN_RANGE_LOOP_ANALYSIS = YES;
				CLANG_WARN_STRICT_PROTOTYPES = YES;
				CLANG_WARN_SUSPICIOUS_MOVE = YES;
				CLANG_WARN_UNGUARDED_AVAILABILITY = YES_AGGRESSIVE;
				CLANG_WARN_UNREACHABLE_CODE = YES;
				CLANG_WARN__DUPLICATE_METHOD_MATCH = YES;
				COPY_PHASE_STRIP = NO;
				DEBUG_INFORMATION_FORMAT = "dwarf-with-dsym";
				ENABLE_NS_ASSERTIONS = NO;
				ENABLE_STRICT_OBJC_MSGSEND = YES;
				GCC_C_LANGUAGE_STANDARD = gnu11;
				GCC_NO_COMMON_BLOCKS = YES;
				GCC_WARN_64_TO_32_BIT_CONVERSION = YES;
				GCC_WARN_ABOUT_RETURN_TYPE = YES_ERROR;
				GCC_WARN_UNDECLARED_SELECTOR = YES;
				GCC_WARN_UNINITIALIZED_AUTOS = YES_AGGRESSIVE;
				GCC_WARN_UNUSED_FUNCTION = YES;
				GCC_WARN_UNUSED_VARIABLE = YES;
				IPHONEOS_DEPLOYMENT_TARGET = 16.2;
				MTL_ENABLE_DEBUG_INFO = NO;
				MTL_FAST_MATH = YES;
				SDKROOT = iphoneos;
				SWIFT_COMPILATION_MODE = wholemodule;
				SWIFT_OPTIMIZATION_LEVEL = "-O";
				VALIDATE_PRODUCT = YES;
			};
			name = Release;
		};
		A526DDCE2A092B0400B682BF /* Debug */ = {
			isa = XCBuildConfiguration;
			baseConfigurationReference = 8EE137742A4B06A400A0D665 /* Config.xcconfig */;
			buildSettings = {
				ASSETCATALOG_COMPILER_APPICON_NAME = AppIcon;
				ASSETCATALOG_COMPILER_GLOBAL_ACCENT_COLOR_NAME = AccentColor;
				CODE_SIGN_ENTITLEMENTS = DiningCoach/DiningCoach.entitlements;
				CODE_SIGN_STYLE = Automatic;
				CURRENT_PROJECT_VERSION = 1;
				DEVELOPMENT_ASSET_PATHS = "\"DiningCoach/Preview Content\"";
				DEVELOPMENT_TEAM = "";
				ENABLE_PREVIEWS = YES;
				GENERATE_INFOPLIST_FILE = YES;
				INFOPLIST_FILE = "DiningCoach/Supporting Files/Info.plist";
				INFOPLIST_KEY_UIApplicationSupportsIndirectInputEvents = YES;
				INFOPLIST_KEY_UILaunchScreen_Generation = YES;
				INFOPLIST_KEY_UILaunchStoryboardName = LaunchScreen;
				INFOPLIST_KEY_UISupportedInterfaceOrientations = UIInterfaceOrientationPortrait;
				INFOPLIST_KEY_UISupportedInterfaceOrientations_iPad = "UIInterfaceOrientationLandscapeLeft UIInterfaceOrientationLandscapeRight UIInterfaceOrientationPortrait UIInterfaceOrientationPortraitUpsideDown";
				LD_RUNPATH_SEARCH_PATHS = (
					"$(inherited)",
					"@executable_path/Frameworks",
				);
				MARKETING_VERSION = 1.0;
				PRODUCT_BUNDLE_IDENTIFIER = com.DiningCoach;
				PRODUCT_NAME = "$(TARGET_NAME)";
				SUPPORTED_PLATFORMS = "iphoneos iphonesimulator";
				SUPPORTS_MACCATALYST = NO;
				SUPPORTS_MAC_DESIGNED_FOR_IPHONE_IPAD = NO;
				SWIFT_EMIT_LOC_STRINGS = YES;
				SWIFT_VERSION = 5.0;
				TARGETED_DEVICE_FAMILY = 1;
			};
			name = Debug;
		};
		A526DDCF2A092B0400B682BF /* Release */ = {
			isa = XCBuildConfiguration;
			baseConfigurationReference = 8EE137742A4B06A400A0D665 /* Config.xcconfig */;
			buildSettings = {
				ASSETCATALOG_COMPILER_APPICON_NAME = AppIcon;
				ASSETCATALOG_COMPILER_GLOBAL_ACCENT_COLOR_NAME = AccentColor;
				CODE_SIGN_ENTITLEMENTS = DiningCoach/DiningCoach.entitlements;
				CODE_SIGN_STYLE = Automatic;
				CURRENT_PROJECT_VERSION = 1;
				DEVELOPMENT_ASSET_PATHS = "\"DiningCoach/Preview Content\"";
				DEVELOPMENT_TEAM = "";
				ENABLE_PREVIEWS = YES;
				GENERATE_INFOPLIST_FILE = YES;
				INFOPLIST_FILE = "DiningCoach/Supporting Files/Info.plist";
				INFOPLIST_KEY_UIApplicationSupportsIndirectInputEvents = YES;
				INFOPLIST_KEY_UILaunchScreen_Generation = YES;
				INFOPLIST_KEY_UILaunchStoryboardName = LaunchScreen;
				INFOPLIST_KEY_UISupportedInterfaceOrientations = UIInterfaceOrientationPortrait;
				INFOPLIST_KEY_UISupportedInterfaceOrientations_iPad = "UIInterfaceOrientationLandscapeLeft UIInterfaceOrientationLandscapeRight UIInterfaceOrientationPortrait UIInterfaceOrientationPortraitUpsideDown";
				LD_RUNPATH_SEARCH_PATHS = (
					"$(inherited)",
					"@executable_path/Frameworks",
				);
				MARKETING_VERSION = 1.0;
				PRODUCT_BUNDLE_IDENTIFIER = com.DiningCoach;
				PRODUCT_NAME = "$(TARGET_NAME)";
				SUPPORTED_PLATFORMS = "iphoneos iphonesimulator";
				SUPPORTS_MACCATALYST = NO;
				SUPPORTS_MAC_DESIGNED_FOR_IPHONE_IPAD = NO;
				SWIFT_EMIT_LOC_STRINGS = YES;
				SWIFT_VERSION = 5.0;
				TARGETED_DEVICE_FAMILY = 1;
			};
			name = Release;
		};
/* End XCBuildConfiguration section */

/* Begin XCConfigurationList section */
		A526DDBA2A092B0300B682BF /* Build configuration list for PBXProject "DiningCoach" */ = {
			isa = XCConfigurationList;
			buildConfigurations = (
				A526DDCB2A092B0400B682BF /* Debug */,
				A526DDCC2A092B0400B682BF /* Release */,
			);
			defaultConfigurationIsVisible = 0;
			defaultConfigurationName = Release;
		};
		A526DDCD2A092B0400B682BF /* Build configuration list for PBXNativeTarget "DiningCoach" */ = {
			isa = XCConfigurationList;
			buildConfigurations = (
				A526DDCE2A092B0400B682BF /* Debug */,
				A526DDCF2A092B0400B682BF /* Release */,
			);
			defaultConfigurationIsVisible = 0;
			defaultConfigurationName = Release;
		};
/* End XCConfigurationList section */

/* Begin XCRemoteSwiftPackageReference section */
		8ECF90EA2A4EF6B500069225 /* XCRemoteSwiftPackageReference "GoogleSignIn-iOS" */ = {
			isa = XCRemoteSwiftPackageReference;
			repositoryURL = "https://github.com/google/GoogleSignIn-iOS";
			requirement = {
				kind = exactVersion;
				version = 7.0.0;
			};
		};
		A51E1C382A40606800E4EBA3 /* XCRemoteSwiftPackageReference "kakao-ios-sdk" */ = {
			isa = XCRemoteSwiftPackageReference;
			repositoryURL = "https://github.com/kakao/kakao-ios-sdk";
			requirement = {
				kind = upToNextMajorVersion;
				minimumVersion = 2.0.0;
			};
		};
/* End XCRemoteSwiftPackageReference section */

/* Begin XCSwiftPackageProductDependency section */
		8ECF90EB2A4EF6B500069225 /* GoogleSignIn */ = {
			isa = XCSwiftPackageProductDependency;
			package = 8ECF90EA2A4EF6B500069225 /* XCRemoteSwiftPackageReference "GoogleSignIn-iOS" */;
			productName = GoogleSignIn;
		};
		8ECF90ED2A4EF6B500069225 /* GoogleSignInSwift */ = {
			isa = XCSwiftPackageProductDependency;
			package = 8ECF90EA2A4EF6B500069225 /* XCRemoteSwiftPackageReference "GoogleSignIn-iOS" */;
			productName = GoogleSignInSwift;
		};
		A51E1C392A40606800E4EBA3 /* KakaoSDK */ = {
			isa = XCSwiftPackageProductDependency;
			package = A51E1C382A40606800E4EBA3 /* XCRemoteSwiftPackageReference "kakao-ios-sdk" */;
			productName = KakaoSDK;
		};
/* End XCSwiftPackageProductDependency section */
	};
	rootObject = A526DDB72A092B0300B682BF /* Project object */;
}
